// !$*UTF8*$!
{
	archiveVersion = 1;
	classes = {
	};
	objectVersion = 56;
	objects = {

/* Begin PBXBuildFile section */
		FD36F3502905A0B6005A7EF3 /* AppDelegate.swift in Sources */ = {isa = PBXBuildFile; fileRef = FD36F34F2905A0B6005A7EF3 /* AppDelegate.swift */; };
		FD36F3522905A0B6005A7EF3 /* SceneDelegate.swift in Sources */ = {isa = PBXBuildFile; fileRef = FD36F3512905A0B6005A7EF3 /* SceneDelegate.swift */; };
		FD36F3542905A0B6005A7EF3 /* ViewController.swift in Sources */ = {isa = PBXBuildFile; fileRef = FD36F3532905A0B6005A7EF3 /* ViewController.swift */; };
		FD36F3572905A0B6005A7EF3 /* Main.storyboard in Resources */ = {isa = PBXBuildFile; fileRef = FD36F3552905A0B6005A7EF3 /* Main.storyboard */; };
		FD36F35A2905A0B6005A7EF3 /* project8_100days.xcdatamodeld in Sources */ = {isa = PBXBuildFile; fileRef = FD36F3582905A0B6005A7EF3 /* project8_100days.xcdatamodeld */; };
		FD36F35C2905A0B8005A7EF3 /* Assets.xcassets in Resources */ = {isa = PBXBuildFile; fileRef = FD36F35B2905A0B8005A7EF3 /* Assets.xcassets */; };
		FD36F35F2905A0B8005A7EF3 /* LaunchScreen.storyboard in Resources */ = {isa = PBXBuildFile; fileRef = FD36F35D2905A0B8005A7EF3 /* LaunchScreen.storyboard */; };
/* End PBXBuildFile section */

/* Begin PBXFileReference section */
		FD36F34C2905A0B6005A7EF3 /* project8-100days.app */ = {isa = PBXFileReference; explicitFileType = wrapper.application; includeInIndex = 0; path = "project8-100days.app"; sourceTree = BUILT_PRODUCTS_DIR; };
		FD36F34F2905A0B6005A7EF3 /* AppDelegate.swift */ = {isa = PBXFileReference; lastKnownFileType = sourcecode.swift; path = AppDelegate.swift; sourceTree = "<group>"; };
		FD36F3512905A0B6005A7EF3 /* SceneDelegate.swift */ = {isa = PBXFileReference; lastKnownFileType = sourcecode.swift; path = SceneDelegate.swift; sourceTree = "<group>"; };
		FD36F3532905A0B6005A7EF3 /* ViewController.swift */ = {isa = PBXFileReference; lastKnownFileType = sourcecode.swift; path = ViewController.swift; sourceTree = "<group>"; };
		FD36F3562905A0B6005A7EF3 /* Base */ = {isa = PBXFileReference; lastKnownFileType = file.storyboard; name = Base; path = Base.lproj/Main.storyboard; sourceTree = "<group>"; };
		FD36F3592905A0B6005A7EF3 /* project8_100days.xcdatamodel */ = {isa = PBXFileReference; lastKnownFileType = wrapper.xcdatamodel; path = project8_100days.xcdatamodel; sourceTree = "<group>"; };
		FD36F35B2905A0B8005A7EF3 /* Assets.xcassets */ = {isa = PBXFileReference; lastKnownFileType = folder.assetcatalog; path = Assets.xcassets; sourceTree = "<group>"; };
		FD36F35E2905A0B8005A7EF3 /* Base */ = {isa = PBXFileReference; lastKnownFileType = file.storyboard; name = Base; path = Base.lproj/LaunchScreen.storyboard; sourceTree = "<group>"; };
		FD36F3602905A0B8005A7EF3 /* Info.plist */ = {isa = PBXFileReference; lastKnownFileType = text.plist.xml; path = Info.plist; sourceTree = "<group>"; };
/* End PBXFileReference section */

/* Begin PBXFrameworksBuildPhase section */
		FD36F3492905A0B6005A7EF3 /* Frameworks */ = {
			isa = PBXFrameworksBuildPhase;
			buildActionMask = 2147483647;
			files = (
			);
			runOnlyForDeploymentPostprocessing = 0;
		};
/* End PBXFrameworksBuildPhase section */

/* Begin PBXGroup section */
		FD36F3432905A0B6005A7EF3 = {
			isa = PBXGroup;
			children = (
				FD36F34E2905A0B6005A7EF3 /* project8-100days */,
				FD36F34D2905A0B6005A7EF3 /* Products */,
			);
			sourceTree = "<group>";
		};
		FD36F34D2905A0B6005A7EF3 /* Products */ = {
			isa = PBXGroup;
			children = (
				FD36F34C2905A0B6005A7EF3 /* project8-100days.app */,
			);
			name = Products;
			sourceTree = "<group>";
		};
		FD36F34E2905A0B6005A7EF3 /* project8-100days */ = {
			isa = PBXGroup;
			children = (
				FD36F34F2905A0B6005A7EF3 /* AppDelegate.swift */,
				FD36F3512905A0B6005A7EF3 /* SceneDelegate.swift */,
				FD36F3532905A0B6005A7EF3 /* ViewController.swift */,
				FD36F3552905A0B6005A7EF3 /* Main.storyboard */,
				FD36F35B2905A0B8005A7EF3 /* Assets.xcassets */,
				FD36F35D2905A0B8005A7EF3 /* LaunchScreen.storyboard */,
				FD36F3602905A0B8005A7EF3 /* Info.plist */,
				FD36F3582905A0B6005A7EF3 /* project8_100days.xcdatamodeld */,
			);
			path = "project8-100days";
			sourceTree = "<group>";
		};
/* End PBXGroup section */

/* Begin PBXNativeTarget section */
		FD36F34B2905A0B6005A7EF3 /* project8-100days */ = {
			isa = PBXNativeTarget;
			buildConfigurationList = FD36F3632905A0B8005A7EF3 /* Build configuration list for PBXNativeTarget "project8-100days" */;
			buildPhases = (
				FD36F3482905A0B6005A7EF3 /* Sources */,
				FD36F3492905A0B6005A7EF3 /* Frameworks */,
				FD36F34A2905A0B6005A7EF3 /* Resources */,
			);
			buildRules = (
			);
			dependencies = (
			);
			name = "project8-100days";
			productName = "project8-100days";
			productReference = FD36F34C2905A0B6005A7EF3 /* project8-100days.app */;
			productType = "com.apple.product-type.application";
		};
/* End PBXNativeTarget section */

/* Begin PBXProject section */
		FD36F3442905A0B6005A7EF3 /* Project object */ = {
			isa = PBXProject;
			attributes = {
				BuildIndependentTargetsInParallel = 1;
				LastSwiftUpdateCheck = 1400;
				LastUpgradeCheck = 1400;
				TargetAttributes = {
					FD36F34B2905A0B6005A7EF3 = {
						CreatedOnToolsVersion = 14.0.1;
					};
				};
			};
			buildConfigurationList = FD36F3472905A0B6005A7EF3 /* Build configuration list for PBXProject "project8-100days" */;
			compatibilityVersion = "Xcode 14.0";
			developmentRegion = en;
			hasScannedForEncodings = 0;
			knownRegions = (
				en,
				Base,
			);
			mainGroup = FD36F3432905A0B6005A7EF3;
			productRefGroup = FD36F34D2905A0B6005A7EF3 /* Products */;
			projectDirPath = "";
			projectRoot = "";
			targets = (
				FD36F34B2905A0B6005A7EF3 /* project8-100days */,
			);
		};
/* End PBXProject section */

/* Begin PBXResourcesBuildPhase section */
		FD36F34A2905A0B6005A7EF3 /* Resources */ = {
			isa = PBXResourcesBuildPhase;
			buildActionMask = 2147483647;
			files = (
				FD36F35F2905A0B8005A7EF3 /* LaunchScreen.storyboard in Resources */,
				FD36F35C2905A0B8005A7EF3 /* Assets.xcassets in Resources */,
				FD36F3572905A0B6005A7EF3 /* Main.storyboard in Resources */,
			);
			runOnlyForDeploymentPostprocessing = 0;
		};
/* End PBXResourcesBuildPhase section */

/* Begin PBXSourcesBuildPhase section */
		FD36F3482905A0B6005A7EF3 /* Sources */ = {
			isa = PBXSourcesBuildPhase;
			buildActionMask = 2147483647;
			files = (
				FD36F3542905A0B6005A7EF3 /* ViewController.swift in Sources */,
				FD36F35A2905A0B6005A7EF3 /* project8_100days.xcdatamodeld in Sources */,
				FD36F3502905A0B6005A7EF3 /* AppDelegate.swift in Sources */,
				FD36F3522905A0B6005A7EF3 /* SceneDelegate.swift in Sources */,
			);
			runOnlyForDeploymentPostprocessing = 0;
		};
/* End PBXSourcesBuildPhase section */

/* Begin PBXVariantGroup section */
		FD36F3552905A0B6005A7EF3 /* Main.storyboard */ = {
			isa = PBXVariantGroup;
			children = (
				FD36F3562905A0B6005A7EF3 /* Base */,
			);
			name = Main.storyboard;
			sourceTree = "<group>";
		};
		FD36F35D2905A0B8005A7EF3 /* LaunchScreen.storyboard */ = {
			isa = PBXVariantGroup;
			children = (
				FD36F35E2905A0B8005A7EF3 /* Base */,
			);
			name = LaunchScreen.storyboard;
			sourceTree = "<group>";
		};
/* End PBXVariantGroup section */

/* Begin XCBuildConfiguration section */
		FD36F3612905A0B8005A7EF3 /* Debug */ = {
			isa = XCBuildConfiguration;
			buildSettings = {
				ALWAYS_SEARCH_USER_PATHS = NO;
				CLANG_ANALYZER_NONNULL = YES;
				CLANG_ANALYZER_NUMBER_OBJECT_CONVERSION = YES_AGGRESSIVE;
				CLANG_CXX_LANGUAGE_STANDARD = "gnu++20";
				CLANG_ENABLE_MODULES = YES;
				CLANG_ENABLE_OBJC_ARC = YES;
				CLANG_ENABLE_OBJC_WEAK = YES;
				CLANG_WARN_BLOCK_CAPTURE_AUTORELEASING = YES;
				CLANG_WARN_BOOL_CONVERSION = YES;
				CLANG_WARN_COMMA = YES;
				CLANG_WARN_CONSTANT_CONVERSION = YES;
				CLANG_WARN_DEPRECATED_OBJC_IMPLEMENTATIONS = YES;
				CLANG_WARN_DIRECT_OBJC_ISA_USAGE = YES_ERROR;
				CLANG_WARN_DOCUMENTATION_COMMENTS = YES;
				CLANG_WARN_EMPTY_BODY = YES;
				CLANG_WARN_ENUM_CONVERSION = YES;
				CLANG_WARN_INFINITE_RECURSION = YES;
				CLANG_WARN_INT_CONVERSION = YES;
				CLANG_WARN_NON_LITERAL_NULL_CONVERSION = YES;
				CLANG_WARN_OBJC_IMPLICIT_RETAIN_SELF = YES;
				CLANG_WARN_OBJC_LITERAL_CONVERSION = YES;
				CLANG_WARN_OBJC_ROOT_CLASS = YES_ERROR;
				CLANG_WARN_QUOTED_INCLUDE_IN_FRAMEWORK_HEADER = YES;
				CLANG_WARN_RANGE_LOOP_ANALYSIS = YES;
				CLANG_WARN_STRICT_PROTOTYPES = YES;
				CLANG_WARN_SUSPICIOUS_MOVE = YES;
				CLANG_WARN_UNGUARDED_AVAILABILITY = YES_AGGRESSIVE;
				CLANG_WARN_UNREACHABLE_CODE = YES;
				CLANG_WARN__DUPLICATE_METHOD_MATCH = YES;
				COPY_PHASE_STRIP = NO;
				DEBUG_INFORMATION_FORMAT = dwarf;
				ENABLE_STRICT_OBJC_MSGSEND = YES;
				ENABLE_TESTABILITY = YES;
				GCC_C_LANGUAGE_STANDARD = gnu11;
				GCC_DYNAMIC_NO_PIC = NO;
				GCC_NO_COMMON_BLOCKS = YES;
				GCC_OPTIMIZATION_LEVEL = 0;
				GCC_PREPROCESSOR_DEFINITIONS = (
					"DEBUG=1",
					"$(inherited)",
				);
				GCC_WARN_64_TO_32_BIT_CONVERSION = YES;
				GCC_WARN_ABOUT_RETURN_TYPE = YES_ERROR;
				GCC_WARN_UNDECLARED_SELECTOR = YES;
				GCC_WARN_UNINITIALIZED_AUTOS = YES_AGGRESSIVE;
				GCC_WARN_UNUSED_FUNCTION = YES;
				GCC_WARN_UNUSED_VARIABLE = YES;
				IPHONEOS_DEPLOYMENT_TARGET = 16.0;
				MTL_ENABLE_DEBUG_INFO = INCLUDE_SOURCE;
				MTL_FAST_MATH = YES;
				ONLY_ACTIVE_ARCH = YES;
				SDKROOT = iphoneos;
				SWIFT_ACTIVE_COMPILATION_CONDITIONS = DEBUG;
				SWIFT_OPTIMIZATION_LEVEL = "-Onone";
			};
			name = Debug;
		};
		FD36F3622905A0B8005A7EF3 /* Release */ = {
			isa = XCBuildConfiguration;
			buildSettings = {
				ALWAYS_SEARCH_USER_PATHS = NO;
				CLANG_ANALYZER_NONNULL = YES;
				CLANG_ANALYZER_NUMBER_OBJECT_CONVERSION = YES_AGGRESSIVE;
				CLANG_CXX_LANGUAGE_STANDARD = "gnu++20";
				CLANG_ENABLE_MODULES = YES;
				CLANG_ENABLE_OBJC_ARC = YES;
				CLANG_ENABLE_OBJC_WEAK = YES;
				CLANG_WARN_BLOCK_CAPTURE_AUTORELEASING = YES;
				CLANG_WARN_BOOL_CONVERSION = YES;
				CLANG_WARN_COMMA = YES;
				CLANG_WARN_CONSTANT_CONVERSION = YES;
				CLANG_WARN_DEPRECATED_OBJC_IMPLEMENTATIONS = YES;
				CLANG_WARN_DIRECT_OBJC_ISA_USAGE = YES_ERROR;
				CLANG_WARN_DOCUMENTATION_COMMENTS = YES;
				CLANG_WARN_EMPTY_BODY = YES;
				CLANG_WARN_ENUM_CONVERSION = YES;
				CLANG_WARN_INFINITE_RECURSION = YES;
				CLANG_WARN_INT_CONVERSION = YES;
				CLANG_WARN_NON_LITERAL_NULL_CONVERSION = YES;
				CLANG_WARN_OBJC_IMPLICIT_RETAIN_SELF = YES;
				CLANG_WARN_OBJC_LITERAL_CONVERSION = YES;
				CLANG_WARN_OBJC_ROOT_CLASS = YES_ERROR;
				CLANG_WARN_QUOTED_INCLUDE_IN_FRAMEWORK_HEADER = YES;
				CLANG_WARN_RANGE_LOOP_ANALYSIS = YES;
				CLANG_WARN_STRICT_PROTOTYPES = YES;
				CLANG_WARN_SUSPICIOUS_MOVE = YES;
				CLANG_WARN_UNGUARDED_AVAILABILITY = YES_AGGRESSIVE;
				CLANG_WARN_UNREACHABLE_CODE = YES;
				CLANG_WARN__DUPLICATE_METHOD_MATCH = YES;
				COPY_PHASE_STRIP = NO;
				DEBUG_INFORMATION_FORMAT = "dwarf-with-dsym";
				ENABLE_NS_ASSERTIONS = NO;
				ENABLE_STRICT_OBJC_MSGSEND = YES;
				GCC_C_LANGUAGE_STANDARD = gnu11;
				GCC_NO_COMMON_BLOCKS = YES;
				GCC_WARN_64_TO_32_BIT_CONVERSION = YES;
				GCC_WARN_ABOUT_RETURN_TYPE = YES_ERROR;
				GCC_WARN_UNDECLARED_SELECTOR = YES;
				GCC_WARN_UNINITIALIZED_AUTOS = YES_AGGRESSIVE;
				GCC_WARN_UNUSED_FUNCTION = YES;
				GCC_WARN_UNUSED_VARIABLE = YES;
				IPHONEOS_DEPLOYMENT_TARGET = 16.0;
				MTL_ENABLE_DEBUG_INFO = NO;
				MTL_FAST_MATH = YES;
				SDKROOT = iphoneos;
				SWIFT_COMPILATION_MODE = wholemodule;
				SWIFT_OPTIMIZATION_LEVEL = "-O";
				VALIDATE_PRODUCT = YES;
			};
			name = Release;
		};
		FD36F3642905A0B8005A7EF3 /* Debug */ = {
			isa = XCBuildConfiguration;
			buildSettings = {
				ASSETCATALOG_COMPILER_APPICON_NAME = AppIcon;
				ASSETCATALOG_COMPILER_GLOBAL_ACCENT_COLOR_NAME = AccentColor;
				CODE_SIGN_STYLE = Automatic;
				CURRENT_PROJECT_VERSION = 1;
				GENERATE_INFOPLIST_FILE = YES;
				INFOPLIST_FILE = "project8-100days/Info.plist";
				INFOPLIST_KEY_UIApplicationSupportsIndirectInputEvents = YES;
				INFOPLIST_KEY_UILaunchStoryboardName = LaunchScreen;
				INFOPLIST_KEY_UIMainStoryboardFile = Main;
				INFOPLIST_KEY_UISupportedInterfaceOrientations_iPad = "UIInterfaceOrientationPortrait UIInterfaceOrientationPortraitUpsideDown UIInterfaceOrientationLandscapeLeft UIInterfaceOrientationLandscapeRight";
				INFOPLIST_KEY_UISupportedInterfaceOrientations_iPhone = "UIInterfaceOrientationPortrait UIInterfaceOrientationLandscapeLeft UIInterfaceOrientationLandscapeRight";
				LD_RUNPATH_SEARCH_PATHS = (
					"$(inherited)",
					"@executable_path/Frameworks",
				);
				MARKETING_VERSION = 1.0;
				PRODUCT_BUNDLE_IDENTIFIER = "com.Yusuf.project8-100days";
				PRODUCT_NAME = "$(TARGET_NAME)";
				SWIFT_EMIT_LOC_STRINGS = YES;
				SWIFT_VERSION = 5.0;
				TARGETED_DEVICE_FAMILY = "1,2";
			};
			name = Debug;
		};
		FD36F3652905A0B8005A7EF3 /* Release */ = {
			isa = XCBuildConfiguration;
			buildSettings = {
				ASSETCATALOG_COMPILER_APPICON_NAME = AppIcon;
				ASSETCATALOG_COMPILER_GLOBAL_ACCENT_COLOR_NAME = AccentColor;
				CODE_SIGN_STYLE = Automatic;
				CURRENT_PROJECT_VERSION = 1;
				GENERATE_INFOPLIST_FILE = YES;
				INFOPLIST_FILE = "project8-100days/Info.plist";
				INFOPLIST_KEY_UIApplicationSupportsIndirectInputEvents = YES;
				INFOPLIST_KEY_UILaunchStoryboardName = LaunchScreen;
				INFOPLIST_KEY_UIMainStoryboardFile = Main;
				INFOPLIST_KEY_UISupportedInterfaceOrientations_iPad = "UIInterfaceOrientationPortrait UIInterfaceOrientationPortraitUpsideDown UIInterfaceOrientationLandscapeLeft UIInterfaceOrientationLandscapeRight";
				INFOPLIST_KEY_UISupportedInterfaceOrientations_iPhone = "UIInterfaceOrientationPortrait UIInterfaceOrientationLandscapeLeft UIInterfaceOrientationLandscapeRight";
				LD_RUNPATH_SEARCH_PATHS = (
					"$(inherited)",
					"@executable_path/Frameworks",
				);
				MARKETING_VERSION = 1.0;
				PRODUCT_BUNDLE_IDENTIFIER = "com.Yusuf.project8-100days";
				PRODUCT_NAME = "$(TARGET_NAME)";
				SWIFT_EMIT_LOC_STRINGS = YES;
				SWIFT_VERSION = 5.0;
				TARGETED_DEVICE_FAMILY = "1,2";
			};
			name = Release;
		};
/* End XCBuildConfiguration section */

/* Begin XCConfigurationList section */
		FD36F3472905A0B6005A7EF3 /* Build configuration list for PBXProject "project8-100days" */ = {
			isa = XCConfigurationList;
			buildConfigurations = (
				FD36F3612905A0B8005A7EF3 /* Debug */,
				FD36F3622905A0B8005A7EF3 /* Release */,
			);
			defaultConfigurationIsVisible = 0;
			defaultConfigurationName = Release;
		};
		FD36F3632905A0B8005A7EF3 /* Build configuration list for PBXNativeTarget "project8-100days" */ = {
			isa = XCConfigurationList;
			buildConfigurations = (
				FD36F3642905A0B8005A7EF3 /* Debug */,
				FD36F3652905A0B8005A7EF3 /* Release */,
			);
			defaultConfigurationIsVisible = 0;
			defaultConfigurationName = Release;
		};
/* End XCConfigurationList section */

/* Begin XCVersionGroup section */
		FD36F3582905A0B6005A7EF3 /* project8_100days.xcdatamodeld */ = {
			isa = XCVersionGroup;
			children = (
				FD36F3592905A0B6005A7EF3 /* project8_100days.xcdatamodel */,
			);
			currentVersion = FD36F3592905A0B6005A7EF3 /* project8_100days.xcdatamodel */;
			path = project8_100days.xcdatamodeld;
			sourceTree = "<group>";
			versionGroupType = wrapper.xcdatamodel;
		};
/* End XCVersionGroup section */
	};
	rootObject = FD36F3442905A0B6005A7EF3 /* Project object */;
}
